// !$*UTF8*$!
{
	archiveVersion = 1;
	classes = {
	};
	objectVersion = 52;
	objects = {

/* Begin PBXBuildFile section */
		DEB12D10269AF2FC00421353 /* iOS_graphql_github_demoApp.swift in Sources */ = {isa = PBXBuildFile; fileRef = DEB12D0F269AF2FC00421353 /* iOS_graphql_github_demoApp.swift */; };
		DEB12D12269AF2FC00421353 /* ContentView.swift in Sources */ = {isa = PBXBuildFile; fileRef = DEB12D11269AF2FC00421353 /* ContentView.swift */; };
		DEB12D14269AF2FF00421353 /* Assets.xcassets in Resources */ = {isa = PBXBuildFile; fileRef = DEB12D13269AF2FF00421353 /* Assets.xcassets */; };
		DEB12D17269AF2FF00421353 /* Preview Assets.xcassets in Resources */ = {isa = PBXBuildFile; fileRef = DEB12D16269AF2FF00421353 /* Preview Assets.xcassets */; };
		DEB12D22269AF2FF00421353 /* iOS_graphql_github_demoTests.swift in Sources */ = {isa = PBXBuildFile; fileRef = DEB12D21269AF2FF00421353 /* iOS_graphql_github_demoTests.swift */; };
		DEB12D2D269AF2FF00421353 /* iOS_graphql_github_demoUITests.swift in Sources */ = {isa = PBXBuildFile; fileRef = DEB12D2C269AF2FF00421353 /* iOS_graphql_github_demoUITests.swift */; };
		DEB12D3C269AF3E300421353 /* Apollo in Frameworks */ = {isa = PBXBuildFile; productRef = DEB12D3B269AF3E300421353 /* Apollo */; };
		DEB12D3E269AF3E300421353 /* ApolloWebSocket in Frameworks */ = {isa = PBXBuildFile; productRef = DEB12D3D269AF3E300421353 /* ApolloWebSocket */; };
		DEB12D40269AF3E300421353 /* ApolloAPI in Frameworks */ = {isa = PBXBuildFile; productRef = DEB12D3F269AF3E300421353 /* ApolloAPI */; };
		DEB12D45269B00CE00421353 /* API.swift in Sources */ = {isa = PBXBuildFile; fileRef = DEB12D44269B00CE00421353 /* API.swift */; };
		DEB12D46269B00CE00421353 /* API.swift in Sources */ = {isa = PBXBuildFile; fileRef = DEB12D44269B00CE00421353 /* API.swift */; };
		DEB12D47269B00CE00421353 /* API.swift in Sources */ = {isa = PBXBuildFile; fileRef = DEB12D44269B00CE00421353 /* API.swift */; };
		DEB12D4B269B9D8800421353 /* Network.swift in Sources */ = {isa = PBXBuildFile; fileRef = DEB12D4A269B9D8800421353 /* Network.swift */; };
		DEB12D4C269B9D8800421353 /* Network.swift in Sources */ = {isa = PBXBuildFile; fileRef = DEB12D4A269B9D8800421353 /* Network.swift */; };
		DEB12D4E269BB23600421353 /* Configurations.swift in Sources */ = {isa = PBXBuildFile; fileRef = DEB12D4D269BB23600421353 /* Configurations.swift */; };
		DEB12D4F269BB23600421353 /* Configurations.swift in Sources */ = {isa = PBXBuildFile; fileRef = DEB12D4D269BB23600421353 /* Configurations.swift */; };
/* End PBXBuildFile section */

/* Begin PBXContainerItemProxy section */
		DEB12D1E269AF2FF00421353 /* PBXContainerItemProxy */ = {
			isa = PBXContainerItemProxy;
			containerPortal = DEB12D04269AF2FC00421353 /* Project object */;
			proxyType = 1;
			remoteGlobalIDString = DEB12D0B269AF2FC00421353;
			remoteInfo = "iOS-graphql-github-demo";
		};
		DEB12D29269AF2FF00421353 /* PBXContainerItemProxy */ = {
			isa = PBXContainerItemProxy;
			containerPortal = DEB12D04269AF2FC00421353 /* Project object */;
			proxyType = 1;
			remoteGlobalIDString = DEB12D0B269AF2FC00421353;
			remoteInfo = "iOS-graphql-github-demo";
		};
/* End PBXContainerItemProxy section */

/* Begin PBXFileReference section */
		DEB12D0C269AF2FC00421353 /* iOS-graphql-github-demo.app */ = {isa = PBXFileReference; explicitFileType = wrapper.application; includeInIndex = 0; path = "iOS-graphql-github-demo.app"; sourceTree = BUILT_PRODUCTS_DIR; };
		DEB12D0F269AF2FC00421353 /* iOS_graphql_github_demoApp.swift */ = {isa = PBXFileReference; lastKnownFileType = sourcecode.swift; path = iOS_graphql_github_demoApp.swift; sourceTree = "<group>"; };
		DEB12D11269AF2FC00421353 /* ContentView.swift */ = {isa = PBXFileReference; lastKnownFileType = sourcecode.swift; path = ContentView.swift; sourceTree = "<group>"; };
		DEB12D13269AF2FF00421353 /* Assets.xcassets */ = {isa = PBXFileReference; lastKnownFileType = folder.assetcatalog; path = Assets.xcassets; sourceTree = "<group>"; };
		DEB12D16269AF2FF00421353 /* Preview Assets.xcassets */ = {isa = PBXFileReference; lastKnownFileType = folder.assetcatalog; path = "Preview Assets.xcassets"; sourceTree = "<group>"; };
		DEB12D18269AF2FF00421353 /* Info.plist */ = {isa = PBXFileReference; lastKnownFileType = text.plist.xml; path = Info.plist; sourceTree = "<group>"; };
		DEB12D1D269AF2FF00421353 /* iOS-graphql-github-demoTests.xctest */ = {isa = PBXFileReference; explicitFileType = wrapper.cfbundle; includeInIndex = 0; path = "iOS-graphql-github-demoTests.xctest"; sourceTree = BUILT_PRODUCTS_DIR; };
		DEB12D21269AF2FF00421353 /* iOS_graphql_github_demoTests.swift */ = {isa = PBXFileReference; lastKnownFileType = sourcecode.swift; path = iOS_graphql_github_demoTests.swift; sourceTree = "<group>"; };
		DEB12D23269AF2FF00421353 /* Info.plist */ = {isa = PBXFileReference; lastKnownFileType = text.plist.xml; path = Info.plist; sourceTree = "<group>"; };
		DEB12D28269AF2FF00421353 /* iOS-graphql-github-demoUITests.xctest */ = {isa = PBXFileReference; explicitFileType = wrapper.cfbundle; includeInIndex = 0; path = "iOS-graphql-github-demoUITests.xctest"; sourceTree = BUILT_PRODUCTS_DIR; };
		DEB12D2C269AF2FF00421353 /* iOS_graphql_github_demoUITests.swift */ = {isa = PBXFileReference; lastKnownFileType = sourcecode.swift; path = iOS_graphql_github_demoUITests.swift; sourceTree = "<group>"; };
		DEB12D2E269AF2FF00421353 /* Info.plist */ = {isa = PBXFileReference; lastKnownFileType = text.plist.xml; path = Info.plist; sourceTree = "<group>"; };
		DEB12D42269AFBFF00421353 /* schema.json */ = {isa = PBXFileReference; lastKnownFileType = text.json; path = schema.json; sourceTree = "<group>"; };
		DEB12D43269AFD3500421353 /* RepoList.graphql */ = {isa = PBXFileReference; lastKnownFileType = text; path = RepoList.graphql; sourceTree = "<group>"; };
		DEB12D44269B00CE00421353 /* API.swift */ = {isa = PBXFileReference; fileEncoding = 4; lastKnownFileType = sourcecode.swift; path = API.swift; sourceTree = "<group>"; };
		DEB12D48269B986400421353 /* RepoPageList.graphql */ = {isa = PBXFileReference; lastKnownFileType = text; path = RepoPageList.graphql; sourceTree = "<group>"; };
		DEB12D4A269B9D8800421353 /* Network.swift */ = {isa = PBXFileReference; lastKnownFileType = sourcecode.swift; path = Network.swift; sourceTree = "<group>"; };
		DEB12D4D269BB23600421353 /* Configurations.swift */ = {isa = PBXFileReference; lastKnownFileType = sourcecode.swift; path = Configurations.swift; sourceTree = "<group>"; };
/* End PBXFileReference section */

/* Begin PBXFrameworksBuildPhase section */
		DEB12D09269AF2FC00421353 /* Frameworks */ = {
			isa = PBXFrameworksBuildPhase;
			buildActionMask = 2147483647;
			files = (
				DEB12D40269AF3E300421353 /* ApolloAPI in Frameworks */,
				DEB12D3C269AF3E300421353 /* Apollo in Frameworks */,
				DEB12D3E269AF3E300421353 /* ApolloWebSocket in Frameworks */,
			);
			runOnlyForDeploymentPostprocessing = 0;
		};
		DEB12D1A269AF2FF00421353 /* Frameworks */ = {
			isa = PBXFrameworksBuildPhase;
			buildActionMask = 2147483647;
			files = (
			);
			runOnlyForDeploymentPostprocessing = 0;
		};
		DEB12D25269AF2FF00421353 /* Frameworks */ = {
			isa = PBXFrameworksBuildPhase;
			buildActionMask = 2147483647;
			files = (
			);
			runOnlyForDeploymentPostprocessing = 0;
		};
/* End PBXFrameworksBuildPhase section */

/* Begin PBXGroup section */
		DEB12D03269AF2FC00421353 = {
			isa = PBXGroup;
			children = (
				DEB12D0E269AF2FC00421353 /* iOS-graphql-github-demo */,
				DEB12D20269AF2FF00421353 /* iOS-graphql-github-demoTests */,
				DEB12D2B269AF2FF00421353 /* iOS-graphql-github-demoUITests */,
				DEB12D0D269AF2FC00421353 /* Products */,
			);
			sourceTree = "<group>";
		};
		DEB12D0D269AF2FC00421353 /* Products */ = {
			isa = PBXGroup;
			children = (
				DEB12D0C269AF2FC00421353 /* iOS-graphql-github-demo.app */,
				DEB12D1D269AF2FF00421353 /* iOS-graphql-github-demoTests.xctest */,
				DEB12D28269AF2FF00421353 /* iOS-graphql-github-demoUITests.xctest */,
			);
			name = Products;
			sourceTree = "<group>";
		};
		DEB12D0E269AF2FC00421353 /* iOS-graphql-github-demo */ = {
			isa = PBXGroup;
			children = (
				DEB12D42269AFBFF00421353 /* schema.json */,
				DEB12D44269B00CE00421353 /* API.swift */,
				DEB12D0F269AF2FC00421353 /* iOS_graphql_github_demoApp.swift */,
				DEB12D11269AF2FC00421353 /* ContentView.swift */,
				DEB12D13269AF2FF00421353 /* Assets.xcassets */,
				DEB12D18269AF2FF00421353 /* Info.plist */,
				DEB12D15269AF2FF00421353 /* Preview Content */,
				DEB12D43269AFD3500421353 /* RepoList.graphql */,
				DEB12D48269B986400421353 /* RepoPageList.graphql */,
				DEB12D4A269B9D8800421353 /* Network.swift */,
				DEB12D4D269BB23600421353 /* Configurations.swift */,
			);
			path = "iOS-graphql-github-demo";
			sourceTree = "<group>";
		};
		DEB12D15269AF2FF00421353 /* Preview Content */ = {
			isa = PBXGroup;
			children = (
				DEB12D16269AF2FF00421353 /* Preview Assets.xcassets */,
			);
			path = "Preview Content";
			sourceTree = "<group>";
		};
		DEB12D20269AF2FF00421353 /* iOS-graphql-github-demoTests */ = {
			isa = PBXGroup;
			children = (
				DEB12D21269AF2FF00421353 /* iOS_graphql_github_demoTests.swift */,
				DEB12D23269AF2FF00421353 /* Info.plist */,
			);
			path = "iOS-graphql-github-demoTests";
			sourceTree = "<group>";
		};
		DEB12D2B269AF2FF00421353 /* iOS-graphql-github-demoUITests */ = {
			isa = PBXGroup;
			children = (
				DEB12D2C269AF2FF00421353 /* iOS_graphql_github_demoUITests.swift */,
				DEB12D2E269AF2FF00421353 /* Info.plist */,
			);
			path = "iOS-graphql-github-demoUITests";
			sourceTree = "<group>";
		};
/* End PBXGroup section */

/* Begin PBXNativeTarget section */
		DEB12D0B269AF2FC00421353 /* iOS-graphql-github-demo */ = {
			isa = PBXNativeTarget;
			buildConfigurationList = DEB12D31269AF2FF00421353 /* Build configuration list for PBXNativeTarget "iOS-graphql-github-demo" */;
			buildPhases = (
				DEB12D08269AF2FC00421353 /* Sources */,
				DEB12D09269AF2FC00421353 /* Frameworks */,
				DEB12D0A269AF2FC00421353 /* Resources */,
			);
			buildRules = (
			);
			dependencies = (
			);
			name = "iOS-graphql-github-demo";
			packageProductDependencies = (
				DEB12D3B269AF3E300421353 /* Apollo */,
				DEB12D3D269AF3E300421353 /* ApolloWebSocket */,
				DEB12D3F269AF3E300421353 /* ApolloAPI */,
			);
			productName = "iOS-graphql-github-demo";
			productReference = DEB12D0C269AF2FC00421353 /* iOS-graphql-github-demo.app */;
			productType = "com.apple.product-type.application";
		};
		DEB12D1C269AF2FF00421353 /* iOS-graphql-github-demoTests */ = {
			isa = PBXNativeTarget;
			buildConfigurationList = DEB12D34269AF2FF00421353 /* Build configuration list for PBXNativeTarget "iOS-graphql-github-demoTests" */;
			buildPhases = (
				DEB12D19269AF2FF00421353 /* Sources */,
				DEB12D1A269AF2FF00421353 /* Frameworks */,
				DEB12D1B269AF2FF00421353 /* Resources */,
			);
			buildRules = (
			);
			dependencies = (
				DEB12D1F269AF2FF00421353 /* PBXTargetDependency */,
			);
			name = "iOS-graphql-github-demoTests";
			productName = "iOS-graphql-github-demoTests";
			productReference = DEB12D1D269AF2FF00421353 /* iOS-graphql-github-demoTests.xctest */;
			productType = "com.apple.product-type.bundle.unit-test";
		};
		DEB12D27269AF2FF00421353 /* iOS-graphql-github-demoUITests */ = {
			isa = PBXNativeTarget;
			buildConfigurationList = DEB12D37269AF2FF00421353 /* Build configuration list for PBXNativeTarget "iOS-graphql-github-demoUITests" */;
			buildPhases = (
				DEB12D24269AF2FF00421353 /* Sources */,
				DEB12D25269AF2FF00421353 /* Frameworks */,
				DEB12D26269AF2FF00421353 /* Resources */,
			);
			buildRules = (
			);
			dependencies = (
				DEB12D2A269AF2FF00421353 /* PBXTargetDependency */,
			);
			name = "iOS-graphql-github-demoUITests";
			productName = "iOS-graphql-github-demoUITests";
			productReference = DEB12D28269AF2FF00421353 /* iOS-graphql-github-demoUITests.xctest */;
			productType = "com.apple.product-type.bundle.ui-testing";
		};
/* End PBXNativeTarget section */

/* Begin PBXProject section */
		DEB12D04269AF2FC00421353 /* Project object */ = {
			isa = PBXProject;
			attributes = {
				LastSwiftUpdateCheck = 1250;
				LastUpgradeCheck = 1250;
				TargetAttributes = {
					DEB12D0B269AF2FC00421353 = {
						CreatedOnToolsVersion = 12.5.1;
					};
					DEB12D1C269AF2FF00421353 = {
						CreatedOnToolsVersion = 12.5.1;
						TestTargetID = DEB12D0B269AF2FC00421353;
					};
					DEB12D27269AF2FF00421353 = {
						CreatedOnToolsVersion = 12.5.1;
						TestTargetID = DEB12D0B269AF2FC00421353;
					};
				};
			};
			buildConfigurationList = DEB12D07269AF2FC00421353 /* Build configuration list for PBXProject "iOS-graphql-github-demo" */;
			compatibilityVersion = "Xcode 9.3";
			developmentRegion = en;
			hasScannedForEncodings = 0;
			knownRegions = (
				en,
				Base,
			);
			mainGroup = DEB12D03269AF2FC00421353;
			packageReferences = (
				DEB12D3A269AF3E300421353 /* XCRemoteSwiftPackageReference "apollo-ios" */,
			);
			productRefGroup = DEB12D0D269AF2FC00421353 /* Products */;
			projectDirPath = "";
			projectRoot = "";
			targets = (
				DEB12D0B269AF2FC00421353 /* iOS-graphql-github-demo */,
				DEB12D1C269AF2FF00421353 /* iOS-graphql-github-demoTests */,
				DEB12D27269AF2FF00421353 /* iOS-graphql-github-demoUITests */,
			);
		};
/* End PBXProject section */

/* Begin PBXResourcesBuildPhase section */
		DEB12D0A269AF2FC00421353 /* Resources */ = {
			isa = PBXResourcesBuildPhase;
			buildActionMask = 2147483647;
			files = (
				DEB12D17269AF2FF00421353 /* Preview Assets.xcassets in Resources */,
				DEB12D14269AF2FF00421353 /* Assets.xcassets in Resources */,
			);
			runOnlyForDeploymentPostprocessing = 0;
		};
		DEB12D1B269AF2FF00421353 /* Resources */ = {
			isa = PBXResourcesBuildPhase;
			buildActionMask = 2147483647;
			files = (
			);
			runOnlyForDeploymentPostprocessing = 0;
		};
		DEB12D26269AF2FF00421353 /* Resources */ = {
			isa = PBXResourcesBuildPhase;
			buildActionMask = 2147483647;
			files = (
			);
			runOnlyForDeploymentPostprocessing = 0;
		};
/* End PBXResourcesBuildPhase section */

/* Begin PBXSourcesBuildPhase section */
		DEB12D08269AF2FC00421353 /* Sources */ = {
			isa = PBXSourcesBuildPhase;
			buildActionMask = 2147483647;
			files = (
				DEB12D12269AF2FC00421353 /* ContentView.swift in Sources */,
				DEB12D4E269BB23600421353 /* Configurations.swift in Sources */,
				DEB12D45269B00CE00421353 /* API.swift in Sources */,
				DEB12D4B269B9D8800421353 /* Network.swift in Sources */,
				DEB12D10269AF2FC00421353 /* iOS_graphql_github_demoApp.swift in Sources */,
			);
			runOnlyForDeploymentPostprocessing = 0;
		};
		DEB12D19269AF2FF00421353 /* Sources */ = {
			isa = PBXSourcesBuildPhase;
			buildActionMask = 2147483647;
			files = (
				DEB12D46269B00CE00421353 /* API.swift in Sources */,
				DEB12D22269AF2FF00421353 /* iOS_graphql_github_demoTests.swift in Sources */,
				DEB12D4F269BB23600421353 /* Configurations.swift in Sources */,
				DEB12D4C269B9D8800421353 /* Network.swift in Sources */,
			);
			runOnlyForDeploymentPostprocessing = 0;
		};
		DEB12D24269AF2FF00421353 /* Sources */ = {
			isa = PBXSourcesBuildPhase;
			buildActionMask = 2147483647;
			files = (
				DEB12D47269B00CE00421353 /* API.swift in Sources */,
				DEB12D2D269AF2FF00421353 /* iOS_graphql_github_demoUITests.swift in Sources */,
			);
			runOnlyForDeploymentPostprocessing = 0;
		};
/* End PBXSourcesBuildPhase section */

/* Begin PBXTargetDependency section */
		DEB12D1F269AF2FF00421353 /* PBXTargetDependency */ = {
			isa = PBXTargetDependency;
			target = DEB12D0B269AF2FC00421353 /* iOS-graphql-github-demo */;
			targetProxy = DEB12D1E269AF2FF00421353 /* PBXContainerItemProxy */;
		};
		DEB12D2A269AF2FF00421353 /* PBXTargetDependency */ = {
			isa = PBXTargetDependency;
			target = DEB12D0B269AF2FC00421353 /* iOS-graphql-github-demo */;
			targetProxy = DEB12D29269AF2FF00421353 /* PBXContainerItemProxy */;
		};
/* End PBXTargetDependency section */

/* Begin XCBuildConfiguration section */
		DEB12D2F269AF2FF00421353 /* Debug */ = {
			isa = XCBuildConfiguration;
			buildSettings = {
				ALWAYS_SEARCH_USER_PATHS = NO;
				CLANG_ANALYZER_NONNULL = YES;
				CLANG_ANALYZER_NUMBER_OBJECT_CONVERSION = YES_AGGRESSIVE;
				CLANG_CXX_LANGUAGE_STANDARD = "gnu++14";
				CLANG_CXX_LIBRARY = "libc++";
				CLANG_ENABLE_MODULES = YES;
				CLANG_ENABLE_OBJC_ARC = YES;
				CLANG_ENABLE_OBJC_WEAK = YES;
				CLANG_WARN_BLOCK_CAPTURE_AUTORELEASING = YES;
				CLANG_WARN_BOOL_CONVERSION = YES;
				CLANG_WARN_COMMA = YES;
				CLANG_WARN_CONSTANT_CONVERSION = YES;
				CLANG_WARN_DEPRECATED_OBJC_IMPLEMENTATIONS = YES;
				CLANG_WARN_DIRECT_OBJC_ISA_USAGE = YES_ERROR;
				CLANG_WARN_DOCUMENTATION_COMMENTS = YES;
				CLANG_WARN_EMPTY_BODY = YES;
				CLANG_WARN_ENUM_CONVERSION = YES;
				CLANG_WARN_INFINITE_RECURSION = YES;
				CLANG_WARN_INT_CONVERSION = YES;
				CLANG_WARN_NON_LITERAL_NULL_CONVERSION = YES;
				CLANG_WARN_OBJC_IMPLICIT_RETAIN_SELF = YES;
				CLANG_WARN_OBJC_LITERAL_CONVERSION = YES;
				CLANG_WARN_OBJC_ROOT_CLASS = YES_ERROR;
				CLANG_WARN_QUOTED_INCLUDE_IN_FRAMEWORK_HEADER = YES;
				CLANG_WARN_RANGE_LOOP_ANALYSIS = YES;
				CLANG_WARN_STRICT_PROTOTYPES = YES;
				CLANG_WARN_SUSPICIOUS_MOVE = YES;
				CLANG_WARN_UNGUARDED_AVAILABILITY = YES_AGGRESSIVE;
				CLANG_WARN_UNREACHABLE_CODE = YES;
				CLANG_WARN__DUPLICATE_METHOD_MATCH = YES;
				COPY_PHASE_STRIP = NO;
				DEBUG_INFORMATION_FORMAT = dwarf;
				ENABLE_STRICT_OBJC_MSGSEND = YES;
				ENABLE_TESTABILITY = YES;
				GCC_C_LANGUAGE_STANDARD = gnu11;
				GCC_DYNAMIC_NO_PIC = NO;
				GCC_NO_COMMON_BLOCKS = YES;
				GCC_OPTIMIZATION_LEVEL = 0;
				GCC_PREPROCESSOR_DEFINITIONS = (
					"DEBUG=1",
					"$(inherited)",
				);
				GCC_WARN_64_TO_32_BIT_CONVERSION = YES;
				GCC_WARN_ABOUT_RETURN_TYPE = YES_ERROR;
				GCC_WARN_UNDECLARED_SELECTOR = YES;
				GCC_WARN_UNINITIALIZED_AUTOS = YES_AGGRESSIVE;
				GCC_WARN_UNUSED_FUNCTION = YES;
				GCC_WARN_UNUSED_VARIABLE = YES;
				IPHONEOS_DEPLOYMENT_TARGET = 14.5;
				MTL_ENABLE_DEBUG_INFO = INCLUDE_SOURCE;
				MTL_FAST_MATH = YES;
				ONLY_ACTIVE_ARCH = YES;
				SDKROOT = iphoneos;
				SWIFT_ACTIVE_COMPILATION_CONDITIONS = DEBUG;
				SWIFT_OPTIMIZATION_LEVEL = "-Onone";
			};
			name = Debug;
		};
		DEB12D30269AF2FF00421353 /* Release */ = {
			isa = XCBuildConfiguration;
			buildSettings = {
				ALWAYS_SEARCH_USER_PATHS = NO;
				CLANG_ANALYZER_NONNULL = YES;
				CLANG_ANALYZER_NUMBER_OBJECT_CONVERSION = YES_AGGRESSIVE;
				CLANG_CXX_LANGUAGE_STANDARD = "gnu++14";
				CLANG_CXX_LIBRARY = "libc++";
				CLANG_ENABLE_MODULES = YES;
				CLANG_ENABLE_OBJC_ARC = YES;
				CLANG_ENABLE_OBJC_WEAK = YES;
				CLANG_WARN_BLOCK_CAPTURE_AUTORELEASING = YES;
				CLANG_WARN_BOOL_CONVERSION = YES;
				CLANG_WARN_COMMA = YES;
				CLANG_WARN_CONSTANT_CONVERSION = YES;
				CLANG_WARN_DEPRECATED_OBJC_IMPLEMENTATIONS = YES;
				CLANG_WARN_DIRECT_OBJC_ISA_USAGE = YES_ERROR;
				CLANG_WARN_DOCUMENTATION_COMMENTS = YES;
				CLANG_WARN_EMPTY_BODY = YES;
				CLANG_WARN_ENUM_CONVERSION = YES;
				CLANG_WARN_INFINITE_RECURSION = YES;
				CLANG_WARN_INT_CONVERSION = YES;
				CLANG_WARN_NON_LITERAL_NULL_CONVERSION = YES;
				CLANG_WARN_OBJC_IMPLICIT_RETAIN_SELF = YES;
				CLANG_WARN_OBJC_LITERAL_CONVERSION = YES;
				CLANG_WARN_OBJC_ROOT_CLASS = YES_ERROR;
				CLANG_WARN_QUOTED_INCLUDE_IN_FRAMEWORK_HEADER = YES;
				CLANG_WARN_RANGE_LOOP_ANALYSIS = YES;
				CLANG_WARN_STRICT_PROTOTYPES = YES;
				CLANG_WARN_SUSPICIOUS_MOVE = YES;
				CLANG_WARN_UNGUARDED_AVAILABILITY = YES_AGGRESSIVE;
				CLANG_WARN_UNREACHABLE_CODE = YES;
				CLANG_WARN__DUPLICATE_METHOD_MATCH = YES;
				COPY_PHASE_STRIP = NO;
				DEBUG_INFORMATION_FORMAT = "dwarf-with-dsym";
				ENABLE_NS_ASSERTIONS = NO;
				ENABLE_STRICT_OBJC_MSGSEND = YES;
				GCC_C_LANGUAGE_STANDARD = gnu11;
				GCC_NO_COMMON_BLOCKS = YES;
				GCC_WARN_64_TO_32_BIT_CONVERSION = YES;
				GCC_WARN_ABOUT_RETURN_TYPE = YES_ERROR;
				GCC_WARN_UNDECLARED_SELECTOR = YES;
				GCC_WARN_UNINITIALIZED_AUTOS = YES_AGGRESSIVE;
				GCC_WARN_UNUSED_FUNCTION = YES;
				GCC_WARN_UNUSED_VARIABLE = YES;
				IPHONEOS_DEPLOYMENT_TARGET = 14.5;
				MTL_ENABLE_DEBUG_INFO = NO;
				MTL_FAST_MATH = YES;
				SDKROOT = iphoneos;
				SWIFT_COMPILATION_MODE = wholemodule;
				SWIFT_OPTIMIZATION_LEVEL = "-O";
				VALIDATE_PRODUCT = YES;
			};
			name = Release;
		};
		DEB12D32269AF2FF00421353 /* Debug */ = {
			isa = XCBuildConfiguration;
			buildSettings = {
				ASSETCATALOG_COMPILER_APPICON_NAME = AppIcon;
				ASSETCATALOG_COMPILER_GLOBAL_ACCENT_COLOR_NAME = AccentColor;
				CODE_SIGN_STYLE = Automatic;
				DEVELOPMENT_ASSET_PATHS = "\"iOS-graphql-github-demo/Preview Content\"";
				DEVELOPMENT_TEAM = 64Y36655C9;
				ENABLE_PREVIEWS = YES;
				INFOPLIST_FILE = "iOS-graphql-github-demo/Info.plist";
				IPHONEOS_DEPLOYMENT_TARGET = 14.0;
				LD_RUNPATH_SEARCH_PATHS = (
					"$(inherited)",
					"@executable_path/Frameworks",
				);
				PRODUCT_BUNDLE_IDENTIFIER = "com.KyleLearnedThis.iOS-graphql-github-demo";
				PRODUCT_NAME = "$(TARGET_NAME)";
				SWIFT_VERSION = 5.0;
				TARGETED_DEVICE_FAMILY = "1,2";
			};
			name = Debug;
		};
		DEB12D33269AF2FF00421353 /* Release */ = {
			isa = XCBuildConfiguration;
			buildSettings = {
				ASSETCATALOG_COMPILER_APPICON_NAME = AppIcon;
				ASSETCATALOG_COMPILER_GLOBAL_ACCENT_COLOR_NAME = AccentColor;
				CODE_SIGN_STYLE = Automatic;
				DEVELOPMENT_ASSET_PATHS = "\"iOS-graphql-github-demo/Preview Content\"";
				DEVELOPMENT_TEAM = 64Y36655C9;
				ENABLE_PREVIEWS = YES;
				INFOPLIST_FILE = "iOS-graphql-github-demo/Info.plist";
				IPHONEOS_DEPLOYMENT_TARGET = 14.0;
				LD_RUNPATH_SEARCH_PATHS = (
					"$(inherited)",
					"@executable_path/Frameworks",
				);
				PRODUCT_BUNDLE_IDENTIFIER = "com.KyleLearnedThis.iOS-graphql-github-demo";
				PRODUCT_NAME = "$(TARGET_NAME)";
				SWIFT_VERSION = 5.0;
				TARGETED_DEVICE_FAMILY = "1,2";
			};
			name = Release;
		};
		DEB12D35269AF2FF00421353 /* Debug */ = {
			isa = XCBuildConfiguration;
			buildSettings = {
				ALWAYS_EMBED_SWIFT_STANDARD_LIBRARIES = YES;
				BUNDLE_LOADER = "$(TEST_HOST)";
				CODE_SIGN_STYLE = Automatic;
				DEVELOPMENT_TEAM = 64Y36655C9;
				INFOPLIST_FILE = "iOS-graphql-github-demoTests/Info.plist";
				IPHONEOS_DEPLOYMENT_TARGET = 14.0;
				LD_RUNPATH_SEARCH_PATHS = (
					"$(inherited)",
					"@executable_path/Frameworks",
					"@loader_path/Frameworks",
				);
				PRODUCT_BUNDLE_IDENTIFIER = "com.KyleLearnedThis.iOS-graphql-github-demoTests";
				PRODUCT_NAME = "$(TARGET_NAME)";
				SWIFT_VERSION = 5.0;
				TARGETED_DEVICE_FAMILY = "1,2";
				TEST_HOST = "$(BUILT_PRODUCTS_DIR)/iOS-graphql-github-demo.app/iOS-graphql-github-demo";
			};
			name = Debug;
		};
		DEB12D36269AF2FF00421353 /* Release */ = {
			isa = XCBuildConfiguration;
			buildSettings = {
				ALWAYS_EMBED_SWIFT_STANDARD_LIBRARIES = YES;
				BUNDLE_LOADER = "$(TEST_HOST)";
				CODE_SIGN_STYLE = Automatic;
				DEVELOPMENT_TEAM = 64Y36655C9;
				INFOPLIST_FILE = "iOS-graphql-github-demoTests/Info.plist";
				IPHONEOS_DEPLOYMENT_TARGET = 14.0;
				LD_RUNPATH_SEARCH_PATHS = (
					"$(inherited)",
					"@executable_path/Frameworks",
					"@loader_path/Frameworks",
				);
				PRODUCT_BUNDLE_IDENTIFIER = "com.KyleLearnedThis.iOS-graphql-github-demoTests";
				PRODUCT_NAME = "$(TARGET_NAME)";
				SWIFT_VERSION = 5.0;
				TARGETED_DEVICE_FAMILY = "1,2";
				TEST_HOST = "$(BUILT_PRODUCTS_DIR)/iOS-graphql-github-demo.app/iOS-graphql-github-demo";
			};
			name = Release;
		};
		DEB12D38269AF2FF00421353 /* Debug */ = {
			isa = XCBuildConfiguration;
			buildSettings = {
				ALWAYS_EMBED_SWIFT_STANDARD_LIBRARIES = YES;
				CODE_SIGN_STYLE = Automatic;
				DEVELOPMENT_TEAM = 64Y36655C9;
				INFOPLIST_FILE = "iOS-graphql-github-demoUITests/Info.plist";
				LD_RUNPATH_SEARCH_PATHS = (
					"$(inherited)",
					"@executable_path/Frameworks",
					"@loader_path/Frameworks",
				);
				PRODUCT_BUNDLE_IDENTIFIER = "com.KyleLearnedThis.iOS-graphql-github-demoUITests";
				PRODUCT_NAME = "$(TARGET_NAME)";
				SWIFT_VERSION = 5.0;
				TARGETED_DEVICE_FAMILY = "1,2";
				TEST_TARGET_NAME = "iOS-graphql-github-demo";
			};
			name = Debug;
		};
		DEB12D39269AF2FF00421353 /* Release */ = {
			isa = XCBuildConfiguration;
			buildSettings = {
				ALWAYS_EMBED_SWIFT_STANDARD_LIBRARIES = YES;
				CODE_SIGN_STYLE = Automatic;
				DEVELOPMENT_TEAM = 64Y36655C9;
				INFOPLIST_FILE = "iOS-graphql-github-demoUITests/Info.plist";
				LD_RUNPATH_SEARCH_PATHS = (
					"$(inherited)",
					"@executable_path/Frameworks",
					"@loader_path/Frameworks",
				);
				PRODUCT_BUNDLE_IDENTIFIER = "com.KyleLearnedThis.iOS-graphql-github-demoUITests";
				PRODUCT_NAME = "$(TARGET_NAME)";
				SWIFT_VERSION = 5.0;
				TARGETED_DEVICE_FAMILY = "1,2";
				TEST_TARGET_NAME = "iOS-graphql-github-demo";
			};
			name = Release;
		};
/* End XCBuildConfiguration section */

/* Begin XCConfigurationList section */
		DEB12D07269AF2FC00421353 /* Build configuration list for PBXProject "iOS-graphql-github-demo" */ = {
			isa = XCConfigurationList;
			buildConfigurations = (
				DEB12D2F269AF2FF00421353 /* Debug */,
				DEB12D30269AF2FF00421353 /* Release */,
			);
			defaultConfigurationIsVisible = 0;
			defaultConfigurationName = Release;
		};
		DEB12D31269AF2FF00421353 /* Build configuration list for PBXNativeTarget "iOS-graphql-github-demo" */ = {
			isa = XCConfigurationList;
			buildConfigurations = (
				DEB12D32269AF2FF00421353 /* Debug */,
				DEB12D33269AF2FF00421353 /* Release */,
			);
			defaultConfigurationIsVisible = 0;
			defaultConfigurationName = Release;
		};
		DEB12D34269AF2FF00421353 /* Build configuration list for PBXNativeTarget "iOS-graphql-github-demoTests" */ = {
			isa = XCConfigurationList;
			buildConfigurations = (
				DEB12D35269AF2FF00421353 /* Debug */,
				DEB12D36269AF2FF00421353 /* Release */,
			);
			defaultConfigurationIsVisible = 0;
			defaultConfigurationName = Release;
		};
		DEB12D37269AF2FF00421353 /* Build configuration list for PBXNativeTarget "iOS-graphql-github-demoUITests" */ = {
			isa = XCConfigurationList;
			buildConfigurations = (
				DEB12D38269AF2FF00421353 /* Debug */,
				DEB12D39269AF2FF00421353 /* Release */,
			);
			defaultConfigurationIsVisible = 0;
			defaultConfigurationName = Release;
		};
/* End XCConfigurationList section */

/* Begin XCRemoteSwiftPackageReference section */
		DEB12D3A269AF3E300421353 /* XCRemoteSwiftPackageReference "apollo-ios" */ = {
			isa = XCRemoteSwiftPackageReference;
			repositoryURL = "https://github.com/apollographql/apollo-ios.git";
			requirement = {
				kind = exactVersion;
				version = 0.45.0;
			};
		};
/* End XCRemoteSwiftPackageReference section */

/* Begin XCSwiftPackageProductDependency section */
		DEB12D3B269AF3E300421353 /* Apollo */ = {
			isa = XCSwiftPackageProductDependency;
			package = DEB12D3A269AF3E300421353 /* XCRemoteSwiftPackageReference "apollo-ios" */;
			productName = Apollo;
		};
		DEB12D3D269AF3E300421353 /* ApolloWebSocket */ = {
			isa = XCSwiftPackageProductDependency;
			package = DEB12D3A269AF3E300421353 /* XCRemoteSwiftPackageReference "apollo-ios" */;
			productName = ApolloWebSocket;
		};
		DEB12D3F269AF3E300421353 /* ApolloAPI */ = {
			isa = XCSwiftPackageProductDependency;
			package = DEB12D3A269AF3E300421353 /* XCRemoteSwiftPackageReference "apollo-ios" */;
			productName = ApolloAPI;
		};
/* End XCSwiftPackageProductDependency section */
	};
	rootObject = DEB12D04269AF2FC00421353 /* Project object */;
}
